
Microsoft Visual Studio Solution File, Format Version 12.00
# Visual Studio Version 17
VisualStudioVersion = 17.5.002.0
MinimumVisualStudioVersion = 10.0.40219.1
Project("{9A19103F-16F7-4668-BE54-9A1E7A4F7556}") = "testGH", "testGH.csproj", "{6EBF73A0-2F70-4239-9666-A2635EBDC313}"
EndProject
Global
	GlobalSection(SolutionConfigurationPlatforms) = preSolution
		Debug|Any CPU = Debug|Any CPU
		Release|Any CPU = Release|Any CPU
	EndGlobalSection
	GlobalSection(ProjectConfigurationPlatforms) = postSolution
		{6EBF73A0-2F70-4239-9666-A2635EBDC313}.Debug|Any CPU.ActiveCfg = Debug|Any CPU
		{6EBF73A0-2F70-4239-9666-A2635EBDC313}.Debug|Any CPU.Build.0 = Debug|Any CPU
		{6EBF73A0-2F70-4239-9666-A2635EBDC313}.Release|Any CPU.ActiveCfg = Release|Any CPU
		{6EBF73A0-2F70-4239-9666-A2635EBDC313}.Release|Any CPU.Build.0 = Release|Any CPU
	EndGlobalSection
	GlobalSection(SolutionProperties) = preSolution
		HideSolutionNode = FALSE
	EndGlobalSection
	GlobalSection(ExtensibilityGlobals) = postSolution
		SolutionGuid = {C3757D40-AA75-4B49-A1EC-D156C2856E7D}
	EndGlobalSection
EndGlobal
